{
  "pins" : [
    {
      "identity" : "alertcontroller",
      "kind" : "remoteSourceControl",
      "location" : "https://github.com/Lakr233/AlertController",
      "state" : {
        "revision" : "32257175ef8eacafca83ae84f19423e83a434fa6",
        "version" : "2.1.0"
      }
    },
    {
      "identity" : "alignedcollectionviewflowlayout",
      "kind" : "remoteSourceControl",
      "location" : "https://github.com/mischa-hildebrand/AlignedCollectionViewFlowLayout",
      "state" : {
        "revision" : "236094ac389234d528cc782c140bcb20724b86bf",
        "version" : "1.1.3"
      }
    },
    {
      "identity" : "bettercodable",
      "kind" : "remoteSourceControl",
      "location" : "https://github.com/marksands/BetterCodable",
      "state" : {
        "revision" : "61153170668db7a46a20a87e35e70f80b24d4eb5",
        "version" : "0.4.0"
      }
    },
    {
      "identity" : "choreographer",
      "kind" : "remoteSourceControl",
      "location" : "https://github.com/unixzii/Choreographer",
      "state" : {
        "revision" : "fa8cf25b0a16c499b299d357c1a64db6760a83ef",
        "version" : "0.1.0"
      }
    },
    {
      "identity" : "colorfulx",
      "kind" : "remoteSourceControl",
      "location" : "https://github.com/Lakr233/ColorfulX",
      "state" : {
        "revision" : "761719a44175e7279a5c3123ce1c19dbd861bb4e",
        "version" : "6.0.1"
      }
    },
    {
      "identity" : "colorvector",
      "kind" : "remoteSourceControl",
      "location" : "https://github.com/Lakr233/ColorVector.git",
      "state" : {
        "revision" : "6da8726bf38d68eb943d0f2139ac2a1fac70e65b",
        "version" : "1.0.4"
      }
    },
    {
      "identity" : "configurablekit",
      "kind" : "remoteSourceControl",
      "location" : "https://github.com/Lakr233/ConfigurableKit",
      "state" : {
        "revision" : "3d863f62c64588d788d9877c130bc51104049bb0",
        "version" : "3.1.1"
      }
    },
    {
      "identity" : "digger",
      "kind" : "remoteSourceControl",
      "location" : "https://github.com/Lakr233/Digger",
      "state" : {
        "revision" : "265c84aa4a447564628d2788e63efc3ab7779d7e",
        "version" : "0.0.5"
      }
    },
    {
      "identity" : "dpkgversion",
      "kind" : "remoteSourceControl",
      "location" : "https://github.com/Lakr233/DpkgVersion",
      "state" : {
        "revision" : "64f192ac8c74f334e5b610c3da9aa9b456502ced",
        "version" : "1.0.4"
      }
    },
    {
      "identity" : "eventsource",
      "kind" : "remoteSourceControl",
      "location" : "https://github.com/mattt/eventsource.git",
      "state" : {
        "revision" : "ca2a9d90cbe49e09b92f4b6ebd922c03ebea51d0",
        "version" : "1.3.0"
      }
    },
    {
      "identity" : "glyphixtextfx",
      "kind" : "remoteSourceControl",
      "location" : "https://github.com/ktiays/GlyphixTextFx/",
      "state" : {
        "revision" : "e1d0aa71c1849363a1bbef061d3d92f10481e62c",
        "version" : "2.3.6"
      }
    },
    {
      "identity" : "gptencoder",
      "kind" : "remoteSourceControl",
      "location" : "https://github.com/alfianlosari/GPTEncoder",
      "state" : {
        "revision" : "a86968867ab4380e36b904a14c42215f71efe8b4",
        "version" : "1.0.4"
      }
    },
    {
      "identity" : "listviewkit",
      "kind" : "remoteSourceControl",
      "location" : "https://github.com/Lakr233/listviewkit",
      "state" : {
        "revision" : "a4372d7f90c846d834c1f1575d1af0050d70fa0f",
        "version" : "1.1.6"
      }
    },
    {
      "identity" : "lrucache",
      "kind" : "remoteSourceControl",
      "location" : "https://github.com/nicklockwood/LRUCache",
      "state" : {
        "revision" : "0d91406ecd4d6c1c56275866f00508d9aeacc92a",
        "version" : "1.2.0"
      }
    },
    {
      "identity" : "markdownview",
      "kind" : "remoteSourceControl",
      "location" : "https://github.com/Lakr233/MarkdownView",
      "state" : {
        "revision" : "9d37819578fb71a75914502052a97239e42311a7",
        "version" : "3.4.6"
      }
    },
    {
      "identity" : "mlx-swift",
      "kind" : "remoteSourceControl",
      "location" : "https://github.com/ml-explore/mlx-swift",
      "state" : {
        "revision" : "072b684acaae80b6a463abab3a103732f33774bf",
        "version" : "0.29.1"
      }
    },
    {
      "identity" : "mlx-swift-lm",
      "kind" : "remoteSourceControl",
      "location" : "https://github.com/ml-explore/mlx-swift-lm/",
      "state" : {
        "branch" : "main",
        "revision" : "b857882f15c8bad077644898e0d3ab44c15c8852"
      }
    },
    {
      "identity" : "msdisplaylink",
      "kind" : "remoteSourceControl",
      "location" : "https://github.com/Lakr233/MSDisplayLink.git",
      "state" : {
        "revision" : "ebf5823cb5fc1326639d9a05bc06d16bbe82989f",
        "version" : "2.0.8"
      }
    },
    {
      "identity" : "respring",
      "kind" : "remoteSourceControl",
      "location" : "https://github.com/ktiays/Respring",
      "state" : {
        "revision" : "5efa8274a25dc44e418b3695f9fcfea9ef771087",
        "version" : "1.0.0"
      }
    },
    {
      "identity" : "scrubberkit",
      "kind" : "remoteSourceControl",
      "location" : "https://github.com/Lakr233/ScrubberKit",
      "state" : {
        "revision" : "9db765d4ce66c8eb6778472903c3e8d041349527",
        "version" : "0.1.0"
      }
    },
    {
      "identity" : "snapkit",
      "kind" : "remoteSourceControl",
      "location" : "https://github.com/SnapKit/SnapKit.git",
      "state" : {
        "revision" : "2842e6e84e82eb9a8dac0100ca90d9444b0307f4",
        "version" : "5.7.1"
      }
    },
    {
      "identity" : "spindicator",
      "kind" : "remoteSourceControl",
      "location" : "https://github.com/ivanvorobei/SPIndicator",
      "state" : {
        "revision" : "e8a045f91757b32bb29c6feff1644ef79c8daedf",
        "version" : "1.6.5"
      }
    },
    {
      "identity" : "splash",
      "kind" : "remoteSourceControl",
      "location" : "https://github.com/Lakr233/Splash",
      "state" : {
        "revision" : "de9cde249fdb7a173a6e6b950ab18b11f6c2a557",
        "version" : "0.18.0"
      }
    },
    {
      "identity" : "springinterpolation",
      "kind" : "remoteSourceControl",
      "location" : "https://github.com/Lakr233/SpringInterpolation",
      "state" : {
        "revision" : "f9ae95ece5d6b7cdceafd4381f1d5f0f9494e5d2",
        "version" : "1.3.1"
      }
    },
    {
      "identity" : "swift-atomics",
      "kind" : "remoteSourceControl",
      "location" : "https://github.com/apple/swift-atomics.git",
      "state" : {
        "revision" : "b601256eab081c0f92f059e12818ac1d4f178ff7",
        "version" : "1.3.0"
      }
    },
    {
      "identity" : "swift-cmark",
      "kind" : "remoteSourceControl",
      "location" : "https://github.com/swiftlang/swift-cmark",
      "state" : {
        "revision" : "5d9bdaa4228b381639fff09403e39a04926e2dbe",
        "version" : "0.7.1"
      }
    },
    {
      "identity" : "swift-collections",
      "kind" : "remoteSourceControl",
      "location" : "https://github.com/apple/swift-collections",
      "state" : {
        "revision" : "7b847a3b7008b2dc2f47ca3110d8c782fb2e5c7e",
        "version" : "1.3.0"
      }
    },
    {
      "identity" : "swift-jinja",
      "kind" : "remoteSourceControl",
      "location" : "https://github.com/huggingface/swift-jinja.git",
      "state" : {
        "revision" : "38b7beeec5d968accd19a8a70c1882cc89979d1c",
        "version" : "2.1.1"
      }
    },
    {
      "identity" : "swift-log",
      "kind" : "remoteSourceControl",
      "location" : "https://github.com/apple/swift-log.git",
      "state" : {
        "revision" : "ce592ae52f982c847a4efc0dd881cc9eb32d29f2",
        "version" : "1.6.4"
      }
    },
    {
      "identity" : "swift-numerics",
      "kind" : "remoteSourceControl",
      "location" : "https://github.com/apple/swift-numerics",
      "state" : {
        "revision" : "0c0290ff6b24942dadb83a929ffaaa1481df04a2",
        "version" : "1.1.1"
      }
    },
    {
      "identity" : "swift-sdk",
      "kind" : "remoteSourceControl",
      "location" : "https://github.com/modelcontextprotocol/swift-sdk",
      "state" : {
        "revision" : "c0407a0b52677cb395d824cac2879b963075ba8c",
        "version" : "0.10.2"
      }
    },
    {
      "identity" : "swift-system",
      "kind" : "remoteSourceControl",
      "location" : "https://github.com/apple/swift-system.git",
      "state" : {
        "revision" : "395a77f0aa927f0ff73941d7ac35f2b46d47c9db",
        "version" : "1.6.3"
      }
    },
    {
      "identity" : "swift-transformers",
      "kind" : "remoteSourceControl",
      "location" : "https://github.com/huggingface/swift-transformers",
      "state" : {
        "revision" : "d363e83a77bafe144808a3d01556139fe67cd8bc",
        "version" : "1.1.2"
      }
    },
    {
      "identity" : "swifterswift",
      "kind" : "remoteSourceControl",
      "location" : "https://github.com/SwifterSwift/SwifterSwift.git",
      "state" : {
        "revision" : "5a6de915bb80234e1e31b3e3e5f7a7995fc1f4db",
        "version" : "7.0.0"
      }
    },
    {
      "identity" : "swiftmath",
      "kind" : "remoteSourceControl",
      "location" : "https://github.com/Lakr233/SwiftMath",
      "state" : {
        "revision" : "cfd646dcac0c5553e21ebf1ee05f9078277518bc",
        "version" : "1.7.2"
      }
    },
    {
      "identity" : "swiftsoup",
      "kind" : "remoteSourceControl",
      "location" : "https://github.com/scinfu/SwiftSoup",
      "state" : {
        "revision" : "4206bc7b8bd9a4ff8e9511211e1b4bff979ef9c4",
        "version" : "2.11.1"
      }
    },
    {
      "identity" : "uieffectkit",
      "kind" : "remoteSourceControl",
      "location" : "https://github.com/Lakr233/UIEffectKit",
      "state" : {
        "revision" : "12d834a0c97415a8952ea92c4cba35c336ce87d4",
        "version" : "0.1.0"
      }
    },
    {
      "identity" : "wcdb-spm-prebuilt",
      "kind" : "remoteSourceControl",
      "location" : "https://github.com/0x1306a94/wcdb-spm-prebuilt",
      "state" : {
        "revision" : "84ae8181ab37fb79d0a533d26e08fb3734af34df",
        "version" : "2.1.15"
      }
    },
    {
      "identity" : "with",
      "kind" : "remoteSourceControl",
      "location" : "https://github.com/ktiays/With",
      "state" : {
        "revision" : "d8788e5c3733f5b8f12582487f508e6f9617e7ab",
        "version" : "2.1.0"
      }
    },
    {
      "identity" : "xmlcoder",
      "kind" : "remoteSourceControl",
      "location" : "https://github.com/CoreOffice/XMLCoder",
      "state" : {
        "revision" : "b1e944cbd0ef33787b13f639a5418d55b3bed501",
        "version" : "0.17.1"
      }
    },
    {
      "identity" : "zipfoundation",
      "kind" : "remoteSourceControl",
      "location" : "https://github.com/weichsel/ZIPFoundation",
      "state" : {
        "revision" : "22787ffb59de99e5dc1fbfe80b19c97a904ad48d",
        "version" : "0.9.20"
      }
    }
  ],
  "version" : 2
}
